// !$*UTF8*$!
{
	archiveVersion = 1;
	classes = {
	};
	objectVersion = 55;
	objects = {

/* Begin PBXBuildFile section */
		A504F74428BE20D000B110BD /* FirebaseFirestore in Frameworks */ = {isa = PBXBuildFile; productRef = A504F74328BE20D000B110BD /* FirebaseFirestore */; };
		A504F74728BE4F9F00B110BD /* FirestoreService.swift in Sources */ = {isa = PBXBuildFile; fileRef = A504F74628BE4F9F00B110BD /* FirestoreService.swift */; };
		A504F74928BE546200B110BD /* GoogleService-Info.plist in Resources */ = {isa = PBXBuildFile; fileRef = A504F74828BE546100B110BD /* GoogleService-Info.plist */; };
		A504F74C28BE5A5700B110BD /* FirestoreServicing.swift in Sources */ = {isa = PBXBuildFile; fileRef = A504F74B28BE5A5700B110BD /* FirestoreServicing.swift */; };
		A504F74F28BE5C5000B110BD /* MockFirestoreService.swift in Sources */ = {isa = PBXBuildFile; fileRef = A504F74E28BE5C5000B110BD /* MockFirestoreService.swift */; };
		A508D8DC28C5E72F001BE5C3 /* FirebaseAuth in Frameworks */ = {isa = PBXBuildFile; productRef = A508D8DB28C5E72F001BE5C3 /* FirebaseAuth */; };
		A508D8DE28C5E903001BE5C3 /* FireAuthServicing.swift in Sources */ = {isa = PBXBuildFile; fileRef = A508D8DD28C5E903001BE5C3 /* FireAuthServicing.swift */; };
		A508D8E028C5E944001BE5C3 /* MockFireAuthService.swift in Sources */ = {isa = PBXBuildFile; fileRef = A508D8DF28C5E944001BE5C3 /* MockFireAuthService.swift */; };
		A508D8E228C5E967001BE5C3 /* FireAuthService.swift in Sources */ = {isa = PBXBuildFile; fileRef = A508D8E128C5E967001BE5C3 /* FireAuthService.swift */; };
		A508D8E428C5F791001BE5C3 /* Login.swift in Sources */ = {isa = PBXBuildFile; fileRef = A508D8E328C5F791001BE5C3 /* Login.swift */; };
		A508D8E628C5F9EA001BE5C3 /* LoginViewModel.swift in Sources */ = {isa = PBXBuildFile; fileRef = A508D8E528C5F9EA001BE5C3 /* LoginViewModel.swift */; };
		A508D8E828C6158D001BE5C3 /* Tabs.swift in Sources */ = {isa = PBXBuildFile; fileRef = A508D8E728C6158D001BE5C3 /* Tabs.swift */; };
		A52F2CF028B4F06400D04445 /* SubjectMenuViewModel.swift in Sources */ = {isa = PBXBuildFile; fileRef = A52F2CEF28B4F06400D04445 /* SubjectMenuViewModel.swift */; };
		A52F2CF728B518DC00D04445 /* ProfileViewModel.swift in Sources */ = {isa = PBXBuildFile; fileRef = A52F2CF628B518DC00D04445 /* ProfileViewModel.swift */; };
		A52F2CF928B523B900D04445 /* FriendsViewModel.swift in Sources */ = {isa = PBXBuildFile; fileRef = A52F2CF828B523B900D04445 /* FriendsViewModel.swift */; };
		A5722DD628C765F100FFAD79 /* Email.swift in Sources */ = {isa = PBXBuildFile; fileRef = A5722DD528C765F100FFAD79 /* Email.swift */; };
		A5722DD828C8AFA700FFAD79 /* Password.swift in Sources */ = {isa = PBXBuildFile; fileRef = A5722DD728C8AFA700FFAD79 /* Password.swift */; };
		A59664E428B75B6F004BA9F4 /* GridItemExtension.swift in Sources */ = {isa = PBXBuildFile; fileRef = A59664E328B75B6F004BA9F4 /* GridItemExtension.swift */; };
		A59ED66328B64B8400E90D30 /* ClassroomViewModel.swift in Sources */ = {isa = PBXBuildFile; fileRef = A59ED66228B64B8400E90D30 /* ClassroomViewModel.swift */; };
		A5E33B5428B3C1BD0012A2FA /* _4H_Study_RoomApp.swift in Sources */ = {isa = PBXBuildFile; fileRef = A5E33B5328B3C1BD0012A2FA /* _4H_Study_RoomApp.swift */; };
		A5E33B5628B3C1BD0012A2FA /* RootView.swift in Sources */ = {isa = PBXBuildFile; fileRef = A5E33B5528B3C1BD0012A2FA /* RootView.swift */; };
		A5E33B5828B3C1BF0012A2FA /* Assets.xcassets in Resources */ = {isa = PBXBuildFile; fileRef = A5E33B5728B3C1BF0012A2FA /* Assets.xcassets */; };
		A5E33B5B28B3C1BF0012A2FA /* Preview Assets.xcassets in Resources */ = {isa = PBXBuildFile; fileRef = A5E33B5A28B3C1BF0012A2FA /* Preview Assets.xcassets */; };
		A5E33B6428B3C4210012A2FA /* Classroom.swift in Sources */ = {isa = PBXBuildFile; fileRef = A5E33B6328B3C4210012A2FA /* Classroom.swift */; };
		A5E33B6628B3C54C0012A2FA /* SubjectMenu.swift in Sources */ = {isa = PBXBuildFile; fileRef = A5E33B6528B3C54C0012A2FA /* SubjectMenu.swift */; };
		A5E33B6828B3C6360012A2FA /* Profile.swift in Sources */ = {isa = PBXBuildFile; fileRef = A5E33B6728B3C6360012A2FA /* Profile.swift */; };
		A5E33B6A28B3C78E0012A2FA /* Friends.swift in Sources */ = {isa = PBXBuildFile; fileRef = A5E33B6928B3C78E0012A2FA /* Friends.swift */; };
/* End PBXBuildFile section */

/* Begin PBXFileReference section */
		A504F74628BE4F9F00B110BD /* FirestoreService.swift */ = {isa = PBXFileReference; lastKnownFileType = sourcecode.swift; path = FirestoreService.swift; sourceTree = "<group>"; };
		A504F74828BE546100B110BD /* GoogleService-Info.plist */ = {isa = PBXFileReference; fileEncoding = 4; lastKnownFileType = text.plist.xml; path = "GoogleService-Info.plist"; sourceTree = "<group>"; };
		A504F74B28BE5A5700B110BD /* FirestoreServicing.swift */ = {isa = PBXFileReference; lastKnownFileType = sourcecode.swift; path = FirestoreServicing.swift; sourceTree = "<group>"; };
		A504F74E28BE5C5000B110BD /* MockFirestoreService.swift */ = {isa = PBXFileReference; lastKnownFileType = sourcecode.swift; path = MockFirestoreService.swift; sourceTree = "<group>"; };
		A508D8DD28C5E903001BE5C3 /* FireAuthServicing.swift */ = {isa = PBXFileReference; lastKnownFileType = sourcecode.swift; path = FireAuthServicing.swift; sourceTree = "<group>"; };
		A508D8DF28C5E944001BE5C3 /* MockFireAuthService.swift */ = {isa = PBXFileReference; lastKnownFileType = sourcecode.swift; path = MockFireAuthService.swift; sourceTree = "<group>"; };
		A508D8E128C5E967001BE5C3 /* FireAuthService.swift */ = {isa = PBXFileReference; lastKnownFileType = sourcecode.swift; path = FireAuthService.swift; sourceTree = "<group>"; };
		A508D8E328C5F791001BE5C3 /* Login.swift */ = {isa = PBXFileReference; lastKnownFileType = sourcecode.swift; path = Login.swift; sourceTree = "<group>"; };
		A508D8E528C5F9EA001BE5C3 /* LoginViewModel.swift */ = {isa = PBXFileReference; lastKnownFileType = sourcecode.swift; path = LoginViewModel.swift; sourceTree = "<group>"; };
		A508D8E728C6158D001BE5C3 /* Tabs.swift */ = {isa = PBXFileReference; lastKnownFileType = sourcecode.swift; path = Tabs.swift; sourceTree = "<group>"; };
		A52F2CEF28B4F06400D04445 /* SubjectMenuViewModel.swift */ = {isa = PBXFileReference; lastKnownFileType = sourcecode.swift; path = SubjectMenuViewModel.swift; sourceTree = "<group>"; };
		A52F2CF628B518DC00D04445 /* ProfileViewModel.swift */ = {isa = PBXFileReference; lastKnownFileType = sourcecode.swift; path = ProfileViewModel.swift; sourceTree = "<group>"; };
		A52F2CF828B523B900D04445 /* FriendsViewModel.swift */ = {isa = PBXFileReference; lastKnownFileType = sourcecode.swift; path = FriendsViewModel.swift; sourceTree = "<group>"; };
		A5722DD528C765F100FFAD79 /* Email.swift */ = {isa = PBXFileReference; lastKnownFileType = sourcecode.swift; path = Email.swift; sourceTree = "<group>"; };
		A5722DD728C8AFA700FFAD79 /* Password.swift */ = {isa = PBXFileReference; lastKnownFileType = sourcecode.swift; path = Password.swift; sourceTree = "<group>"; };
		A59664E328B75B6F004BA9F4 /* GridItemExtension.swift */ = {isa = PBXFileReference; lastKnownFileType = sourcecode.swift; path = GridItemExtension.swift; sourceTree = "<group>"; };
		A59ED66228B64B8400E90D30 /* ClassroomViewModel.swift */ = {isa = PBXFileReference; lastKnownFileType = sourcecode.swift; path = ClassroomViewModel.swift; sourceTree = "<group>"; };
		A5E33B5028B3C1BD0012A2FA /* 24H Study Room.app */ = {isa = PBXFileReference; explicitFileType = wrapper.application; includeInIndex = 0; path = "24H Study Room.app"; sourceTree = BUILT_PRODUCTS_DIR; };
		A5E33B5328B3C1BD0012A2FA /* _4H_Study_RoomApp.swift */ = {isa = PBXFileReference; lastKnownFileType = sourcecode.swift; path = _4H_Study_RoomApp.swift; sourceTree = "<group>"; };
		A5E33B5528B3C1BD0012A2FA /* RootView.swift */ = {isa = PBXFileReference; lastKnownFileType = sourcecode.swift; path = RootView.swift; sourceTree = "<group>"; };
		A5E33B5728B3C1BF0012A2FA /* Assets.xcassets */ = {isa = PBXFileReference; lastKnownFileType = folder.assetcatalog; path = Assets.xcassets; sourceTree = "<group>"; };
		A5E33B5A28B3C1BF0012A2FA /* Preview Assets.xcassets */ = {isa = PBXFileReference; lastKnownFileType = folder.assetcatalog; path = "Preview Assets.xcassets"; sourceTree = "<group>"; };
		A5E33B6328B3C4210012A2FA /* Classroom.swift */ = {isa = PBXFileReference; lastKnownFileType = sourcecode.swift; path = Classroom.swift; sourceTree = "<group>"; };
		A5E33B6528B3C54C0012A2FA /* SubjectMenu.swift */ = {isa = PBXFileReference; lastKnownFileType = sourcecode.swift; path = SubjectMenu.swift; sourceTree = "<group>"; };
		A5E33B6728B3C6360012A2FA /* Profile.swift */ = {isa = PBXFileReference; lastKnownFileType = sourcecode.swift; path = Profile.swift; sourceTree = "<group>"; };
		A5E33B6928B3C78E0012A2FA /* Friends.swift */ = {isa = PBXFileReference; lastKnownFileType = sourcecode.swift; path = Friends.swift; sourceTree = "<group>"; };
/* End PBXFileReference section */

/* Begin PBXFrameworksBuildPhase section */
		A5E33B4D28B3C1BD0012A2FA /* Frameworks */ = {
			isa = PBXFrameworksBuildPhase;
			buildActionMask = 2147483647;
			files = (
				A504F74428BE20D000B110BD /* FirebaseFirestore in Frameworks */,
				A508D8DC28C5E72F001BE5C3 /* FirebaseAuth in Frameworks */,
			);
			runOnlyForDeploymentPostprocessing = 0;
		};
/* End PBXFrameworksBuildPhase section */

/* Begin PBXGroup section */
		A504F73F28BE1ED000B110BD /* Firebase Tools */ = {
			isa = PBXGroup;
			children = (
				A504F74828BE546100B110BD /* GoogleService-Info.plist */,
			);
			path = "Firebase Tools";
			sourceTree = "<group>";
		};
		A504F74528BE4F7C00B110BD /* Services */ = {
			isa = PBXGroup;
			children = (
				A504F74628BE4F9F00B110BD /* FirestoreService.swift */,
				A508D8E128C5E967001BE5C3 /* FireAuthService.swift */,
			);
			path = Services;
			sourceTree = "<group>";
		};
		A504F74A28BE5A2B00B110BD /* Protocols */ = {
			isa = PBXGroup;
			children = (
				A504F74B28BE5A5700B110BD /* FirestoreServicing.swift */,
				A508D8DD28C5E903001BE5C3 /* FireAuthServicing.swift */,
			);
			path = Protocols;
			sourceTree = "<group>";
		};
		A504F74D28BE5C1E00B110BD /* Mocks */ = {
			isa = PBXGroup;
			children = (
				A504F74E28BE5C5000B110BD /* MockFirestoreService.swift */,
				A508D8DF28C5E944001BE5C3 /* MockFireAuthService.swift */,
			);
			path = Mocks;
			sourceTree = "<group>";
		};
		A52F2CF128B5013600D04445 /* Views */ = {
			isa = PBXGroup;
			children = (
			);
			path = Views;
			sourceTree = "<group>";
		};
		A5E33B4728B3C1BD0012A2FA = {
			isa = PBXGroup;
			children = (
				A5E33B5228B3C1BD0012A2FA /* 24H Study Room */,
				A5E33B5128B3C1BD0012A2FA /* Products */,
			);
			sourceTree = "<group>";
		};
		A5E33B5128B3C1BD0012A2FA /* Products */ = {
			isa = PBXGroup;
			children = (
				A5E33B5028B3C1BD0012A2FA /* 24H Study Room.app */,
			);
			name = Products;
			sourceTree = "<group>";
		};
		A5E33B5228B3C1BD0012A2FA /* 24H Study Room */ = {
			isa = PBXGroup;
			children = (
				A5E33B5328B3C1BD0012A2FA /* _4H_Study_RoomApp.swift */,
				A504F74D28BE5C1E00B110BD /* Mocks */,
				A504F74A28BE5A2B00B110BD /* Protocols */,
				A504F74528BE4F7C00B110BD /* Services */,
				A504F73F28BE1ED000B110BD /* Firebase Tools */,
				A52F2CF128B5013600D04445 /* Views */,
				A5E33B6B28B3C7A70012A2FA /* Models */,
				A5E33B6228B3C3C90012A2FA /* ViewModels */,
				A5E33B6128B3C3800012A2FA /* ContentViews */,
				A5E33B5728B3C1BF0012A2FA /* Assets.xcassets */,
				A5E33B5928B3C1BF0012A2FA /* Preview Content */,
			);
			path = "24H Study Room";
			sourceTree = "<group>";
		};
		A5E33B5928B3C1BF0012A2FA /* Preview Content */ = {
			isa = PBXGroup;
			children = (
				A5E33B5A28B3C1BF0012A2FA /* Preview Assets.xcassets */,
			);
			path = "Preview Content";
			sourceTree = "<group>";
		};
		A5E33B6128B3C3800012A2FA /* ContentViews */ = {
			isa = PBXGroup;
			children = (
				A5E33B5528B3C1BD0012A2FA /* RootView.swift */,
				A5E33B6328B3C4210012A2FA /* Classroom.swift */,
				A5E33B6528B3C54C0012A2FA /* SubjectMenu.swift */,
				A5E33B6728B3C6360012A2FA /* Profile.swift */,
				A5E33B6928B3C78E0012A2FA /* Friends.swift */,
				A508D8E328C5F791001BE5C3 /* Login.swift */,
				A508D8E728C6158D001BE5C3 /* Tabs.swift */,
			);
			path = ContentViews;
			sourceTree = "<group>";
		};
		A5E33B6228B3C3C90012A2FA /* ViewModels */ = {
			isa = PBXGroup;
			children = (
				A52F2CF628B518DC00D04445 /* ProfileViewModel.swift */,
				A52F2CF828B523B900D04445 /* FriendsViewModel.swift */,
				A52F2CEF28B4F06400D04445 /* SubjectMenuViewModel.swift */,
				A59ED66228B64B8400E90D30 /* ClassroomViewModel.swift */,
				A508D8E528C5F9EA001BE5C3 /* LoginViewModel.swift */,
			);
			path = ViewModels;
			sourceTree = "<group>";
		};
		A5E33B6B28B3C7A70012A2FA /* Models */ = {
			isa = PBXGroup;
			children = (
				A59664E328B75B6F004BA9F4 /* GridItemExtension.swift */,
				A5722DD528C765F100FFAD79 /* Email.swift */,
				A5722DD728C8AFA700FFAD79 /* Password.swift */,
			);
			path = Models;
			sourceTree = "<group>";
		};
/* End PBXGroup section */

/* Begin PBXNativeTarget section */
		A5E33B4F28B3C1BD0012A2FA /* 24H Study Room */ = {
			isa = PBXNativeTarget;
			buildConfigurationList = A5E33B5E28B3C1BF0012A2FA /* Build configuration list for PBXNativeTarget "24H Study Room" */;
			buildPhases = (
				A5E33B4C28B3C1BD0012A2FA /* Sources */,
				A5E33B4D28B3C1BD0012A2FA /* Frameworks */,
				A5E33B4E28B3C1BD0012A2FA /* Resources */,
			);
			buildRules = (
			);
			dependencies = (
			);
			name = "24H Study Room";
			packageProductDependencies = (
				A504F74328BE20D000B110BD /* FirebaseFirestore */,
				A508D8DB28C5E72F001BE5C3 /* FirebaseAuth */,
			);
			productName = "24H Study Room";
			productReference = A5E33B5028B3C1BD0012A2FA /* 24H Study Room.app */;
			productType = "com.apple.product-type.application";
		};
/* End PBXNativeTarget section */

/* Begin PBXProject section */
		A5E33B4828B3C1BD0012A2FA /* Project object */ = {
			isa = PBXProject;
			attributes = {
				BuildIndependentTargetsInParallel = 1;
				LastSwiftUpdateCheck = 1330;
				LastUpgradeCheck = 1330;
				TargetAttributes = {
					A5E33B4F28B3C1BD0012A2FA = {
						CreatedOnToolsVersion = 13.3;
					};
				};
			};
			buildConfigurationList = A5E33B4B28B3C1BD0012A2FA /* Build configuration list for PBXProject "24H Study Room" */;
			compatibilityVersion = "Xcode 13.0";
			developmentRegion = en;
			hasScannedForEncodings = 0;
			knownRegions = (
				en,
				Base,
			);
			mainGroup = A5E33B4728B3C1BD0012A2FA;
			packageReferences = (
				A504F74228BE20D000B110BD /* XCRemoteSwiftPackageReference "firebase-ios-sdk" */,
				A508D8DA28C5E72F001BE5C3 /* XCRemoteSwiftPackageReference "firebase-ios-sdk" */,
			);
			productRefGroup = A5E33B5128B3C1BD0012A2FA /* Products */;
			projectDirPath = "";
			projectRoot = "";
			targets = (
				A5E33B4F28B3C1BD0012A2FA /* 24H Study Room */,
			);
		};
/* End PBXProject section */

/* Begin PBXResourcesBuildPhase section */
		A5E33B4E28B3C1BD0012A2FA /* Resources */ = {
			isa = PBXResourcesBuildPhase;
			buildActionMask = 2147483647;
			files = (
				A5E33B5B28B3C1BF0012A2FA /* Preview Assets.xcassets in Resources */,
				A5E33B5828B3C1BF0012A2FA /* Assets.xcassets in Resources */,
				A504F74928BE546200B110BD /* GoogleService-Info.plist in Resources */,
			);
			runOnlyForDeploymentPostprocessing = 0;
		};
/* End PBXResourcesBuildPhase section */

/* Begin PBXSourcesBuildPhase section */
		A5E33B4C28B3C1BD0012A2FA /* Sources */ = {
			isa = PBXSourcesBuildPhase;
			buildActionMask = 2147483647;
			files = (
				A5E33B5628B3C1BD0012A2FA /* RootView.swift in Sources */,
				A508D8E228C5E967001BE5C3 /* FireAuthService.swift in Sources */,
				A5E33B6A28B3C78E0012A2FA /* Friends.swift in Sources */,
				A508D8E828C6158D001BE5C3 /* Tabs.swift in Sources */,
				A59ED66328B64B8400E90D30 /* ClassroomViewModel.swift in Sources */,
				A52F2CF028B4F06400D04445 /* SubjectMenuViewModel.swift in Sources */,
				A5E33B6828B3C6360012A2FA /* Profile.swift in Sources */,
				A508D8DE28C5E903001BE5C3 /* FireAuthServicing.swift in Sources */,
				A5722DD628C765F100FFAD79 /* Email.swift in Sources */,
				A5E33B6628B3C54C0012A2FA /* SubjectMenu.swift in Sources */,
				A508D8E028C5E944001BE5C3 /* MockFireAuthService.swift in Sources */,
				A504F74C28BE5A5700B110BD /* FirestoreServicing.swift in Sources */,
				A59664E428B75B6F004BA9F4 /* GridItemExtension.swift in Sources */,
				A5E33B5428B3C1BD0012A2FA /* _4H_Study_RoomApp.swift in Sources */,
				A52F2CF728B518DC00D04445 /* ProfileViewModel.swift in Sources */,
				A504F74728BE4F9F00B110BD /* FirestoreService.swift in Sources */,
				A5722DD828C8AFA700FFAD79 /* Password.swift in Sources */,
				A504F74F28BE5C5000B110BD /* MockFirestoreService.swift in Sources */,
				A508D8E428C5F791001BE5C3 /* Login.swift in Sources */,
				A5E33B6428B3C4210012A2FA /* Classroom.swift in Sources */,
				A508D8E628C5F9EA001BE5C3 /* LoginViewModel.swift in Sources */,
				A52F2CF928B523B900D04445 /* FriendsViewModel.swift in Sources */,
			);
			runOnlyForDeploymentPostprocessing = 0;
		};
/* End PBXSourcesBuildPhase section */

/* Begin XCBuildConfiguration section */
		A5E33B5C28B3C1BF0012A2FA /* Debug */ = {
			isa = XCBuildConfiguration;
			buildSettings = {
				ALWAYS_SEARCH_USER_PATHS = NO;
				CLANG_ANALYZER_NONNULL = YES;
				CLANG_ANALYZER_NUMBER_OBJECT_CONVERSION = YES_AGGRESSIVE;
				CLANG_CXX_LANGUAGE_STANDARD = "gnu++17";
				CLANG_ENABLE_MODULES = YES;
				CLANG_ENABLE_OBJC_ARC = YES;
				CLANG_ENABLE_OBJC_WEAK = YES;
				CLANG_WARN_BLOCK_CAPTURE_AUTORELEASING = YES;
				CLANG_WARN_BOOL_CONVERSION = YES;
				CLANG_WARN_COMMA = YES;
				CLANG_WARN_CONSTANT_CONVERSION = YES;
				CLANG_WARN_DEPRECATED_OBJC_IMPLEMENTATIONS = YES;
				CLANG_WARN_DIRECT_OBJC_ISA_USAGE = YES_ERROR;
				CLANG_WARN_DOCUMENTATION_COMMENTS = YES;
				CLANG_WARN_EMPTY_BODY = YES;
				CLANG_WARN_ENUM_CONVERSION = YES;
				CLANG_WARN_INFINITE_RECURSION = YES;
				CLANG_WARN_INT_CONVERSION = YES;
				CLANG_WARN_NON_LITERAL_NULL_CONVERSION = YES;
				CLANG_WARN_OBJC_IMPLICIT_RETAIN_SELF = YES;
				CLANG_WARN_OBJC_LITERAL_CONVERSION = YES;
				CLANG_WARN_OBJC_ROOT_CLASS = YES_ERROR;
				CLANG_WARN_QUOTED_INCLUDE_IN_FRAMEWORK_HEADER = YES;
				CLANG_WARN_RANGE_LOOP_ANALYSIS = YES;
				CLANG_WARN_STRICT_PROTOTYPES = YES;
				CLANG_WARN_SUSPICIOUS_MOVE = YES;
				CLANG_WARN_UNGUARDED_AVAILABILITY = YES_AGGRESSIVE;
				CLANG_WARN_UNREACHABLE_CODE = YES;
				CLANG_WARN__DUPLICATE_METHOD_MATCH = YES;
				COPY_PHASE_STRIP = NO;
				DEBUG_INFORMATION_FORMAT = dwarf;
				ENABLE_STRICT_OBJC_MSGSEND = YES;
				ENABLE_TESTABILITY = YES;
				GCC_C_LANGUAGE_STANDARD = gnu11;
				GCC_DYNAMIC_NO_PIC = NO;
				GCC_NO_COMMON_BLOCKS = YES;
				GCC_OPTIMIZATION_LEVEL = 0;
				GCC_PREPROCESSOR_DEFINITIONS = (
					"DEBUG=1",
					"$(inherited)",
				);
				GCC_WARN_64_TO_32_BIT_CONVERSION = YES;
				GCC_WARN_ABOUT_RETURN_TYPE = YES_ERROR;
				GCC_WARN_UNDECLARED_SELECTOR = YES;
				GCC_WARN_UNINITIALIZED_AUTOS = YES_AGGRESSIVE;
				GCC_WARN_UNUSED_FUNCTION = YES;
				GCC_WARN_UNUSED_VARIABLE = YES;
				IPHONEOS_DEPLOYMENT_TARGET = 15.4;
				MTL_ENABLE_DEBUG_INFO = INCLUDE_SOURCE;
				MTL_FAST_MATH = YES;
				ONLY_ACTIVE_ARCH = YES;
				SDKROOT = iphoneos;
				SWIFT_ACTIVE_COMPILATION_CONDITIONS = DEBUG;
				SWIFT_OPTIMIZATION_LEVEL = "-Onone";
			};
			name = Debug;
		};
		A5E33B5D28B3C1BF0012A2FA /* Release */ = {
			isa = XCBuildConfiguration;
			buildSettings = {
				ALWAYS_SEARCH_USER_PATHS = NO;
				CLANG_ANALYZER_NONNULL = YES;
				CLANG_ANALYZER_NUMBER_OBJECT_CONVERSION = YES_AGGRESSIVE;
				CLANG_CXX_LANGUAGE_STANDARD = "gnu++17";
				CLANG_ENABLE_MODULES = YES;
				CLANG_ENABLE_OBJC_ARC = YES;
				CLANG_ENABLE_OBJC_WEAK = YES;
				CLANG_WARN_BLOCK_CAPTURE_AUTORELEASING = YES;
				CLANG_WARN_BOOL_CONVERSION = YES;
				CLANG_WARN_COMMA = YES;
				CLANG_WARN_CONSTANT_CONVERSION = YES;
				CLANG_WARN_DEPRECATED_OBJC_IMPLEMENTATIONS = YES;
				CLANG_WARN_DIRECT_OBJC_ISA_USAGE = YES_ERROR;
				CLANG_WARN_DOCUMENTATION_COMMENTS = YES;
				CLANG_WARN_EMPTY_BODY = YES;
				CLANG_WARN_ENUM_CONVERSION = YES;
				CLANG_WARN_INFINITE_RECURSION = YES;
				CLANG_WARN_INT_CONVERSION = YES;
				CLANG_WARN_NON_LITERAL_NULL_CONVERSION = YES;
				CLANG_WARN_OBJC_IMPLICIT_RETAIN_SELF = YES;
				CLANG_WARN_OBJC_LITERAL_CONVERSION = YES;
				CLANG_WARN_OBJC_ROOT_CLASS = YES_ERROR;
				CLANG_WARN_QUOTED_INCLUDE_IN_FRAMEWORK_HEADER = YES;
				CLANG_WARN_RANGE_LOOP_ANALYSIS = YES;
				CLANG_WARN_STRICT_PROTOTYPES = YES;
				CLANG_WARN_SUSPICIOUS_MOVE = YES;
				CLANG_WARN_UNGUARDED_AVAILABILITY = YES_AGGRESSIVE;
				CLANG_WARN_UNREACHABLE_CODE = YES;
				CLANG_WARN__DUPLICATE_METHOD_MATCH = YES;
				COPY_PHASE_STRIP = NO;
				DEBUG_INFORMATION_FORMAT = "dwarf-with-dsym";
				ENABLE_NS_ASSERTIONS = NO;
				ENABLE_STRICT_OBJC_MSGSEND = YES;
				GCC_C_LANGUAGE_STANDARD = gnu11;
				GCC_NO_COMMON_BLOCKS = YES;
				GCC_WARN_64_TO_32_BIT_CONVERSION = YES;
				GCC_WARN_ABOUT_RETURN_TYPE = YES_ERROR;
				GCC_WARN_UNDECLARED_SELECTOR = YES;
				GCC_WARN_UNINITIALIZED_AUTOS = YES_AGGRESSIVE;
				GCC_WARN_UNUSED_FUNCTION = YES;
				GCC_WARN_UNUSED_VARIABLE = YES;
				IPHONEOS_DEPLOYMENT_TARGET = 15.4;
				MTL_ENABLE_DEBUG_INFO = NO;
				MTL_FAST_MATH = YES;
				SDKROOT = iphoneos;
				SWIFT_COMPILATION_MODE = wholemodule;
				SWIFT_OPTIMIZATION_LEVEL = "-O";
				VALIDATE_PRODUCT = YES;
			};
			name = Release;
		};
		A5E33B5F28B3C1BF0012A2FA /* Debug */ = {
			isa = XCBuildConfiguration;
			buildSettings = {
				ASSETCATALOG_COMPILER_APPICON_NAME = AppIcon;
				ASSETCATALOG_COMPILER_GLOBAL_ACCENT_COLOR_NAME = AccentColor;
				CODE_SIGN_STYLE = Automatic;
				CURRENT_PROJECT_VERSION = 1;
				DEVELOPMENT_ASSET_PATHS = "\"24H Study Room/Preview Content\"";
				DEVELOPMENT_TEAM = 49NTHZ6972;
				ENABLE_PREVIEWS = YES;
				GENERATE_INFOPLIST_FILE = YES;
				INFOPLIST_KEY_UIApplicationSceneManifest_Generation = YES;
				INFOPLIST_KEY_UIApplicationSupportsIndirectInputEvents = YES;
				INFOPLIST_KEY_UILaunchScreen_Generation = YES;
				INFOPLIST_KEY_UISupportedInterfaceOrientations_iPad = "UIInterfaceOrientationPortrait UIInterfaceOrientationPortraitUpsideDown UIInterfaceOrientationLandscapeLeft UIInterfaceOrientationLandscapeRight";
				INFOPLIST_KEY_UISupportedInterfaceOrientations_iPhone = "UIInterfaceOrientationPortrait UIInterfaceOrientationLandscapeLeft UIInterfaceOrientationLandscapeRight";
				LD_RUNPATH_SEARCH_PATHS = (
					"$(inherited)",
					"@executable_path/Frameworks",
				);
				MARKETING_VERSION = 1.0;
				PRODUCT_BUNDLE_IDENTIFIER = "jia.jiuan.tsai.-4H-Study-Room";
				PRODUCT_NAME = "$(TARGET_NAME)";
				SWIFT_EMIT_LOC_STRINGS = YES;
				SWIFT_VERSION = 5.0;
				TARGETED_DEVICE_FAMILY = "1,2";
			};
			name = Debug;
		};
		A5E33B6028B3C1BF0012A2FA /* Release */ = {
			isa = XCBuildConfiguration;
			buildSettings = {
				ASSETCATALOG_COMPILER_APPICON_NAME = AppIcon;
				ASSETCATALOG_COMPILER_GLOBAL_ACCENT_COLOR_NAME = AccentColor;
				CODE_SIGN_STYLE = Automatic;
				CURRENT_PROJECT_VERSION = 1;
				DEVELOPMENT_ASSET_PATHS = "\"24H Study Room/Preview Content\"";
				DEVELOPMENT_TEAM = 49NTHZ6972;
				ENABLE_PREVIEWS = YES;
				GENERATE_INFOPLIST_FILE = YES;
				INFOPLIST_KEY_UIApplicationSceneManifest_Generation = YES;
				INFOPLIST_KEY_UIApplicationSupportsIndirectInputEvents = YES;
				INFOPLIST_KEY_UILaunchScreen_Generation = YES;
				INFOPLIST_KEY_UISupportedInterfaceOrientations_iPad = "UIInterfaceOrientationPortrait UIInterfaceOrientationPortraitUpsideDown UIInterfaceOrientationLandscapeLeft UIInterfaceOrientationLandscapeRight";
				INFOPLIST_KEY_UISupportedInterfaceOrientations_iPhone = "UIInterfaceOrientationPortrait UIInterfaceOrientationLandscapeLeft UIInterfaceOrientationLandscapeRight";
				LD_RUNPATH_SEARCH_PATHS = (
					"$(inherited)",
					"@executable_path/Frameworks",
				);
				MARKETING_VERSION = 1.0;
				PRODUCT_BUNDLE_IDENTIFIER = "jia.jiuan.tsai.-4H-Study-Room";
				PRODUCT_NAME = "$(TARGET_NAME)";
				SWIFT_EMIT_LOC_STRINGS = YES;
				SWIFT_VERSION = 5.0;
				TARGETED_DEVICE_FAMILY = "1,2";
			};
			name = Release;
		};
/* End XCBuildConfiguration section */

/* Begin XCConfigurationList section */
		A5E33B4B28B3C1BD0012A2FA /* Build configuration list for PBXProject "24H Study Room" */ = {
			isa = XCConfigurationList;
			buildConfigurations = (
				A5E33B5C28B3C1BF0012A2FA /* Debug */,
				A5E33B5D28B3C1BF0012A2FA /* Release */,
			);
			defaultConfigurationIsVisible = 0;
			defaultConfigurationName = Release;
		};
		A5E33B5E28B3C1BF0012A2FA /* Build configuration list for PBXNativeTarget "24H Study Room" */ = {
			isa = XCConfigurationList;
			buildConfigurations = (
				A5E33B5F28B3C1BF0012A2FA /* Debug */,
				A5E33B6028B3C1BF0012A2FA /* Release */,
			);
			defaultConfigurationIsVisible = 0;
			defaultConfigurationName = Release;
		};
/* End XCConfigurationList section */

/* Begin XCRemoteSwiftPackageReference section */
		A504F74228BE20D000B110BD /* XCRemoteSwiftPackageReference "firebase-ios-sdk" */ = {
			isa = XCRemoteSwiftPackageReference;
			repositoryURL = "https://github.com/firebase/firebase-ios-sdk";
			requirement = {
				kind = upToNextMajorVersion;
				minimumVersion = 9.0.0;
			};
		};
		A508D8DA28C5E72F001BE5C3 /* XCRemoteSwiftPackageReference "firebase-ios-sdk" */ = {
			isa = XCRemoteSwiftPackageReference;
			repositoryURL = "https://github.com/firebase/firebase-ios-sdk";
			requirement = {
				branch = master;
				kind = branch;
			};
		};
/* End XCRemoteSwiftPackageReference section */

/* Begin XCSwiftPackageProductDependency section */
		A504F74328BE20D000B110BD /* FirebaseFirestore */ = {
			isa = XCSwiftPackageProductDependency;
			package = A504F74228BE20D000B110BD /* XCRemoteSwiftPackageReference "firebase-ios-sdk" */;
			productName = FirebaseFirestore;
		};
		A508D8DB28C5E72F001BE5C3 /* FirebaseAuth */ = {
			isa = XCSwiftPackageProductDependency;
			package = A508D8DA28C5E72F001BE5C3 /* XCRemoteSwiftPackageReference "firebase-ios-sdk" */;
			productName = FirebaseAuth;
		};
/* End XCSwiftPackageProductDependency section */
	};
	rootObject = A5E33B4828B3C1BD0012A2FA /* Project object */;
}
